// !$*UTF8*$!
{
	archiveVersion = 1;
	classes = {
	};
	objectVersion = 46;
	objects = {

/* Begin PBXBuildFile section */
		8C2064DA085E54F3F5C4D2EA /* Pods_SampleApp.framework in Frameworks */ = {isa = PBXBuildFile; fileRef = F28CAD9F71A6717FDFFC3461 /* Pods_SampleApp.framework */; };
		ADEAE7050EB9FDF46DDE4BAB /* Pods_SampleAppTests.framework in Frameworks */ = {isa = PBXBuildFile; fileRef = 1A7776D439C973141A27C1C9 /* Pods_SampleAppTests.framework */; };
		D6F3A0181DF079F900FED04E /* QontoTestCase.swift in Sources */ = {isa = PBXBuildFile; fileRef = D6F3A0171DF079F900FED04E /* QontoTestCase.swift */; };
		D6F3A01A1DF07D3E00FED04E /* BuilMe.swift in Sources */ = {isa = PBXBuildFile; fileRef = D6F3A0191DF07D3E00FED04E /* BuilMe.swift */; };
		D6F3A01C1DF0822700FED04E /* UserBuilder.swift in Sources */ = {isa = PBXBuildFile; fileRef = D6F3A01B1DF0822700FED04E /* UserBuilder.swift */; };
		D6F3A01E1DF0824A00FED04E /* PhotoBuilder.swift in Sources */ = {isa = PBXBuildFile; fileRef = D6F3A01D1DF0824A00FED04E /* PhotoBuilder.swift */; };
		D6F3A0201DF0827700FED04E /* AlbumBuilder.swift in Sources */ = {isa = PBXBuildFile; fileRef = D6F3A01F1DF0827700FED04E /* AlbumBuilder.swift */; };
		D6F3A0211DF0838800FED04E /* User.swift in Sources */ = {isa = PBXBuildFile; fileRef = E79BA0B61DEF55470033488E /* User.swift */; };
		D6F3A0221DF0838A00FED04E /* Photo.swift in Sources */ = {isa = PBXBuildFile; fileRef = E79BA0BA1DEF555E0033488E /* Photo.swift */; };
		D6F3A0231DF0838D00FED04E /* User+Storage.swift in Sources */ = {isa = PBXBuildFile; fileRef = D6FA36201DF04E7200141094 /* User+Storage.swift */; };
		D6F3A0241DF0839000FED04E /* Album.swift in Sources */ = {isa = PBXBuildFile; fileRef = E79BA0B81DEF55540033488E /* Album.swift */; };
		D6F3A0281DF0944D00FED04E /* UserTestCase.swift in Sources */ = {isa = PBXBuildFile; fileRef = D6F3A0271DF0944D00FED04E /* UserTestCase.swift */; };
		D6F3A0291DF0948B00FED04E /* ResponseSerializer.swift in Sources */ = {isa = PBXBuildFile; fileRef = E79BA0BD1DEF58A70033488E /* ResponseSerializer.swift */; };
		D6F3A02A1DF0949A00FED04E /* WebService.swift in Sources */ = {isa = PBXBuildFile; fileRef = E79BA0BF1DEF58DE0033488E /* WebService.swift */; };
		D6F3A02C1DF098AE00FED04E /* FetchUserTestCase.swift in Sources */ = {isa = PBXBuildFile; fileRef = D6F3A02B1DF098AE00FED04E /* FetchUserTestCase.swift */; };
		D6F3A02E1DF09D5300FED04E /* users.json in Resources */ = {isa = PBXBuildFile; fileRef = D6F3A02D1DF09D5300FED04E /* users.json */; };
		D6F3A0301DF09D7900FED04E /* albums.json in Resources */ = {isa = PBXBuildFile; fileRef = D6F3A02F1DF09D7900FED04E /* albums.json */; };
		D6F3A0321DF09D8C00FED04E /* photos.json in Resources */ = {isa = PBXBuildFile; fileRef = D6F3A0311DF09D8C00FED04E /* photos.json */; };
		D6F3A0341DF09FD800FED04E /* FetchAlbums.swift in Sources */ = {isa = PBXBuildFile; fileRef = D6F3A0331DF09FD800FED04E /* FetchAlbums.swift */; };
		D6FA361D1DF043F900141094 /* Main.storyboard in Resources */ = {isa = PBXBuildFile; fileRef = D6FA361B1DF043F900141094 /* Main.storyboard */; };
		D6FA361F1DF0460400141094 /* PhotoCollectionViewController.swift in Sources */ = {isa = PBXBuildFile; fileRef = D6FA361E1DF0460400141094 /* PhotoCollectionViewController.swift */; };
		D6FA36211DF04E7200141094 /* User+Storage.swift in Sources */ = {isa = PBXBuildFile; fileRef = D6FA36201DF04E7200141094 /* User+Storage.swift */; };
		D6FA36231DF061FE00141094 /* UIViewController+UI.swift in Sources */ = {isa = PBXBuildFile; fileRef = D6FA36221DF061FE00141094 /* UIViewController+UI.swift */; };
		E78EBC641E0C903F00B5967E /* Pods_SampleAppTests.framework in Frameworks */ = {isa = PBXBuildFile; fileRef = E78EBC631E0C903F00B5967E /* Pods_SampleAppTests.framework */; };
		E79BA08F1DEF53B30033488E /* AppDelegate.swift in Sources */ = {isa = PBXBuildFile; fileRef = E79BA08E1DEF53B30033488E /* AppDelegate.swift */; };
		E79BA0961DEF53B30033488E /* Assets.xcassets in Resources */ = {isa = PBXBuildFile; fileRef = E79BA0951DEF53B30033488E /* Assets.xcassets */; };
		E79BA0991DEF53B30033488E /* LaunchScreen.storyboard in Resources */ = {isa = PBXBuildFile; fileRef = E79BA0971DEF53B30033488E /* LaunchScreen.storyboard */; };
		E79BA0B71DEF55470033488E /* User.swift in Sources */ = {isa = PBXBuildFile; fileRef = E79BA0B61DEF55470033488E /* User.swift */; };
		E79BA0B91DEF55540033488E /* Album.swift in Sources */ = {isa = PBXBuildFile; fileRef = E79BA0B81DEF55540033488E /* Album.swift */; };
		E79BA0BB1DEF555E0033488E /* Photo.swift in Sources */ = {isa = PBXBuildFile; fileRef = E79BA0BA1DEF555E0033488E /* Photo.swift */; };
		E79BA0BE1DEF58A70033488E /* ResponseSerializer.swift in Sources */ = {isa = PBXBuildFile; fileRef = E79BA0BD1DEF58A70033488E /* ResponseSerializer.swift */; };
		E79BA0C01DEF58DE0033488E /* WebService.swift in Sources */ = {isa = PBXBuildFile; fileRef = E79BA0BF1DEF58DE0033488E /* WebService.swift */; };
		E79BA0C21DEF5DA60033488E /* UserTableViewController.swift in Sources */ = {isa = PBXBuildFile; fileRef = E79BA0C11DEF5DA60033488E /* UserTableViewController.swift */; };
		E79BA0C41DEF62F10033488E /* AlbumTableViewController.swift in Sources */ = {isa = PBXBuildFile; fileRef = E79BA0C31DEF62F10033488E /* AlbumTableViewController.swift */; };
/* End PBXBuildFile section */

/* Begin PBXContainerItemProxy section */
		E79BA0A01DEF53B30033488E /* PBXContainerItemProxy */ = {
			isa = PBXContainerItemProxy;
			containerPortal = E79BA0831DEF53B30033488E /* Project object */;
			proxyType = 1;
			remoteGlobalIDString = E79BA08A1DEF53B30033488E;
			remoteInfo = QontoTest;
		};
/* End PBXContainerItemProxy section */

/* Begin PBXFileReference section */
		13865E4EFF5E38F277F42137 /* Pods-SampleApp.debug.xcconfig */ = {isa = PBXFileReference; includeInIndex = 1; lastKnownFileType = text.xcconfig; name = "Pods-SampleApp.debug.xcconfig"; path = "Pods/Target Support Files/Pods-SampleApp/Pods-SampleApp.debug.xcconfig"; sourceTree = "<group>"; };
		1A7776D439C973141A27C1C9 /* Pods_SampleAppTests.framework */ = {isa = PBXFileReference; explicitFileType = wrapper.framework; includeInIndex = 0; path = Pods_SampleAppTests.framework; sourceTree = BUILT_PRODUCTS_DIR; };
		48F255560277E5D60AF9F4D2 /* Pods-SampleApp.release.xcconfig */ = {isa = PBXFileReference; includeInIndex = 1; lastKnownFileType = text.xcconfig; name = "Pods-SampleApp.release.xcconfig"; path = "Pods/Target Support Files/Pods-SampleApp/Pods-SampleApp.release.xcconfig"; sourceTree = "<group>"; };
		7E5177245ED534A3DA1417F4 /* Pods_QontoTest.framework */ = {isa = PBXFileReference; explicitFileType = wrapper.framework; includeInIndex = 0; path = Pods_QontoTest.framework; sourceTree = BUILT_PRODUCTS_DIR; };
		8A0D2399AC983DCC8FC264C7 /* Pods_QontoTestTests.framework */ = {isa = PBXFileReference; explicitFileType = wrapper.framework; includeInIndex = 0; path = Pods_QontoTestTests.framework; sourceTree = BUILT_PRODUCTS_DIR; };
		9AB5B3F1ADA70444C022373D /* Pods-SampleAppTests.debug.xcconfig */ = {isa = PBXFileReference; includeInIndex = 1; lastKnownFileType = text.xcconfig; name = "Pods-SampleAppTests.debug.xcconfig"; path = "Pods/Target Support Files/Pods-SampleAppTests/Pods-SampleAppTests.debug.xcconfig"; sourceTree = "<group>"; };
		D59F2418FBBED6574D9BC070 /* Pods-SampleAppTests.release.xcconfig */ = {isa = PBXFileReference; includeInIndex = 1; lastKnownFileType = text.xcconfig; name = "Pods-SampleAppTests.release.xcconfig"; path = "Pods/Target Support Files/Pods-SampleAppTests/Pods-SampleAppTests.release.xcconfig"; sourceTree = "<group>"; };
		D6F3A0171DF079F900FED04E /* QontoTestCase.swift */ = {isa = PBXFileReference; fileEncoding = 4; lastKnownFileType = sourcecode.swift; path = QontoTestCase.swift; sourceTree = "<group>"; };
		D6F3A0191DF07D3E00FED04E /* BuilMe.swift */ = {isa = PBXFileReference; fileEncoding = 4; lastKnownFileType = sourcecode.swift; path = BuilMe.swift; sourceTree = "<group>"; };
		D6F3A01B1DF0822700FED04E /* UserBuilder.swift */ = {isa = PBXFileReference; fileEncoding = 4; lastKnownFileType = sourcecode.swift; path = UserBuilder.swift; sourceTree = "<group>"; };
		D6F3A01D1DF0824A00FED04E /* PhotoBuilder.swift */ = {isa = PBXFileReference; fileEncoding = 4; lastKnownFileType = sourcecode.swift; path = PhotoBuilder.swift; sourceTree = "<group>"; };
		D6F3A01F1DF0827700FED04E /* AlbumBuilder.swift */ = {isa = PBXFileReference; fileEncoding = 4; lastKnownFileType = sourcecode.swift; path = AlbumBuilder.swift; sourceTree = "<group>"; };
		D6F3A0271DF0944D00FED04E /* UserTestCase.swift */ = {isa = PBXFileReference; fileEncoding = 4; lastKnownFileType = sourcecode.swift; path = UserTestCase.swift; sourceTree = "<group>"; };
		D6F3A02B1DF098AE00FED04E /* FetchUserTestCase.swift */ = {isa = PBXFileReference; fileEncoding = 4; lastKnownFileType = sourcecode.swift; path = FetchUserTestCase.swift; sourceTree = "<group>"; };
		D6F3A02D1DF09D5300FED04E /* users.json */ = {isa = PBXFileReference; fileEncoding = 4; lastKnownFileType = text.json; path = users.json; sourceTree = "<group>"; };
		D6F3A02F1DF09D7900FED04E /* albums.json */ = {isa = PBXFileReference; fileEncoding = 4; lastKnownFileType = text.json; path = albums.json; sourceTree = "<group>"; };
		D6F3A0311DF09D8C00FED04E /* photos.json */ = {isa = PBXFileReference; fileEncoding = 4; lastKnownFileType = text.json; path = photos.json; sourceTree = "<group>"; };
		D6F3A0331DF09FD800FED04E /* FetchAlbums.swift */ = {isa = PBXFileReference; fileEncoding = 4; lastKnownFileType = sourcecode.swift; path = FetchAlbums.swift; sourceTree = "<group>"; };
		D6FA361C1DF043F900141094 /* Base */ = {isa = PBXFileReference; lastKnownFileType = file.storyboard; name = Base; path = QontoTest/Base.lproj/Main.storyboard; sourceTree = SOURCE_ROOT; };
		D6FA361E1DF0460400141094 /* PhotoCollectionViewController.swift */ = {isa = PBXFileReference; fileEncoding = 4; lastKnownFileType = sourcecode.swift; path = PhotoCollectionViewController.swift; sourceTree = "<group>"; };
		D6FA36201DF04E7200141094 /* User+Storage.swift */ = {isa = PBXFileReference; fileEncoding = 4; lastKnownFileType = sourcecode.swift; path = "User+Storage.swift"; sourceTree = "<group>"; };
		D6FA36221DF061FE00141094 /* UIViewController+UI.swift */ = {isa = PBXFileReference; fileEncoding = 4; lastKnownFileType = sourcecode.swift; path = "UIViewController+UI.swift"; sourceTree = "<group>"; };
		D82EC2EF4AE6B561E1793A0D /* Pods_QontoTest_QontoTestTests.framework */ = {isa = PBXFileReference; explicitFileType = wrapper.framework; includeInIndex = 0; path = Pods_QontoTest_QontoTestTests.framework; sourceTree = BUILT_PRODUCTS_DIR; };
		E78EBC631E0C903F00B5967E /* Pods_SampleAppTests.framework */ = {isa = PBXFileReference; lastKnownFileType = wrapper.framework; name = Pods_SampleAppTests.framework; path = "Pods/../build/Debug-iphoneos/Pods_SampleAppTests.framework"; sourceTree = "<group>"; };
		E79BA08B1DEF53B30033488E /* SampleApp.app */ = {isa = PBXFileReference; explicitFileType = wrapper.application; includeInIndex = 0; path = SampleApp.app; sourceTree = BUILT_PRODUCTS_DIR; };
		E79BA08E1DEF53B30033488E /* AppDelegate.swift */ = {isa = PBXFileReference; lastKnownFileType = sourcecode.swift; path = AppDelegate.swift; sourceTree = "<group>"; };
		E79BA0951DEF53B30033488E /* Assets.xcassets */ = {isa = PBXFileReference; lastKnownFileType = folder.assetcatalog; path = Assets.xcassets; sourceTree = "<group>"; };
		E79BA0981DEF53B30033488E /* Base */ = {isa = PBXFileReference; lastKnownFileType = file.storyboard; name = Base; path = Base.lproj/LaunchScreen.storyboard; sourceTree = "<group>"; };
		E79BA09A1DEF53B30033488E /* Info.plist */ = {isa = PBXFileReference; lastKnownFileType = text.plist.xml; path = Info.plist; sourceTree = "<group>"; };
		E79BA09F1DEF53B30033488E /* SampleAppTests.xctest */ = {isa = PBXFileReference; explicitFileType = wrapper.cfbundle; includeInIndex = 0; path = SampleAppTests.xctest; sourceTree = BUILT_PRODUCTS_DIR; };
		E79BA0A51DEF53B30033488E /* Info.plist */ = {isa = PBXFileReference; lastKnownFileType = text.plist.xml; path = Info.plist; sourceTree = "<group>"; };
		E79BA0B61DEF55470033488E /* User.swift */ = {isa = PBXFileReference; fileEncoding = 4; lastKnownFileType = sourcecode.swift; path = User.swift; sourceTree = "<group>"; };
		E79BA0B81DEF55540033488E /* Album.swift */ = {isa = PBXFileReference; fileEncoding = 4; lastKnownFileType = sourcecode.swift; path = Album.swift; sourceTree = "<group>"; };
		E79BA0BA1DEF555E0033488E /* Photo.swift */ = {isa = PBXFileReference; fileEncoding = 4; lastKnownFileType = sourcecode.swift; path = Photo.swift; sourceTree = "<group>"; };
		E79BA0BD1DEF58A70033488E /* ResponseSerializer.swift */ = {isa = PBXFileReference; fileEncoding = 4; lastKnownFileType = sourcecode.swift; path = ResponseSerializer.swift; sourceTree = "<group>"; };
		E79BA0BF1DEF58DE0033488E /* WebService.swift */ = {isa = PBXFileReference; fileEncoding = 4; lastKnownFileType = sourcecode.swift; path = WebService.swift; sourceTree = "<group>"; };
		E79BA0C11DEF5DA60033488E /* UserTableViewController.swift */ = {isa = PBXFileReference; fileEncoding = 4; lastKnownFileType = sourcecode.swift; path = UserTableViewController.swift; sourceTree = "<group>"; };
		E79BA0C31DEF62F10033488E /* AlbumTableViewController.swift */ = {isa = PBXFileReference; fileEncoding = 4; lastKnownFileType = sourcecode.swift; path = AlbumTableViewController.swift; sourceTree = "<group>"; };
		F28CAD9F71A6717FDFFC3461 /* Pods_SampleApp.framework */ = {isa = PBXFileReference; explicitFileType = wrapper.framework; includeInIndex = 0; path = Pods_SampleApp.framework; sourceTree = BUILT_PRODUCTS_DIR; };
/* End PBXFileReference section */

/* Begin PBXFrameworksBuildPhase section */
		E79BA0881DEF53B30033488E /* Frameworks */ = {
			isa = PBXFrameworksBuildPhase;
			buildActionMask = 2147483647;
			files = (
				E78EBC641E0C903F00B5967E /* Pods_SampleAppTests.framework in Frameworks */,
				8C2064DA085E54F3F5C4D2EA /* Pods_SampleApp.framework in Frameworks */,
			);
			runOnlyForDeploymentPostprocessing = 0;
		};
		E79BA09C1DEF53B30033488E /* Frameworks */ = {
			isa = PBXFrameworksBuildPhase;
			buildActionMask = 2147483647;
			files = (
				ADEAE7050EB9FDF46DDE4BAB /* Pods_SampleAppTests.framework in Frameworks */,
			);
			runOnlyForDeploymentPostprocessing = 0;
		};
/* End PBXFrameworksBuildPhase section */

/* Begin PBXGroup section */
		7EFB85FE6CC575FA24CFB741 /* Frameworks */ = {
			isa = PBXGroup;
			children = (
				E78EBC631E0C903F00B5967E /* Pods_SampleAppTests.framework */,
				7E5177245ED534A3DA1417F4 /* Pods_QontoTest.framework */,
				8A0D2399AC983DCC8FC264C7 /* Pods_QontoTestTests.framework */,
				D82EC2EF4AE6B561E1793A0D /* Pods_QontoTest_QontoTestTests.framework */,
				F28CAD9F71A6717FDFFC3461 /* Pods_SampleApp.framework */,
				1A7776D439C973141A27C1C9 /* Pods_SampleAppTests.framework */,
			);
			name = Frameworks;
			sourceTree = "<group>";
		};
		B3E3608E4FF636ABF07E35C0 /* Pods */ = {
			isa = PBXGroup;
			children = (
				13865E4EFF5E38F277F42137 /* Pods-SampleApp.debug.xcconfig */,
				48F255560277E5D60AF9F4D2 /* Pods-SampleApp.release.xcconfig */,
				9AB5B3F1ADA70444C022373D /* Pods-SampleAppTests.debug.xcconfig */,
				D59F2418FBBED6574D9BC070 /* Pods-SampleAppTests.release.xcconfig */,
			);
			name = Pods;
			sourceTree = "<group>";
		};
		D6F3A0121DF0794600FED04E /* Builders */ = {
			isa = PBXGroup;
			children = (
				D6F3A0191DF07D3E00FED04E /* BuilMe.swift */,
				D6F3A01B1DF0822700FED04E /* UserBuilder.swift */,
				D6F3A01D1DF0824A00FED04E /* PhotoBuilder.swift */,
				D6F3A01F1DF0827700FED04E /* AlbumBuilder.swift */,
			);
			path = Builders;
			sourceTree = "<group>";
		};
		D6F3A0131DF0794600FED04E /* Fixtures */ = {
			isa = PBXGroup;
			children = (
				D6F3A02D1DF09D5300FED04E /* users.json */,
				D6F3A02F1DF09D7900FED04E /* albums.json */,
				D6F3A0311DF09D8C00FED04E /* photos.json */,
			);
			path = Fixtures;
			sourceTree = "<group>";
		};
		D6F3A0141DF0794600FED04E /* TestCases */ = {
			isa = PBXGroup;
			children = (
				D6F3A0251DF0941400FED04E /* Model */,
				D6F3A0261DF0941400FED04E /* Webservices */,
				D6F3A0171DF079F900FED04E /* QontoTestCase.swift */,
			);
			path = TestCases;
			sourceTree = "<group>";
		};
		D6F3A0251DF0941400FED04E /* Model */ = {
			isa = PBXGroup;
			children = (
				D6F3A0271DF0944D00FED04E /* UserTestCase.swift */,
			);
			path = Model;
			sourceTree = "<group>";
		};
		D6F3A0261DF0941400FED04E /* Webservices */ = {
			isa = PBXGroup;
			children = (
				D6F3A02B1DF098AE00FED04E /* FetchUserTestCase.swift */,
				D6F3A0331DF09FD800FED04E /* FetchAlbums.swift */,
			);
			path = Webservices;
			sourceTree = "<group>";
		};
		E79BA0821DEF53B30033488E = {
			isa = PBXGroup;
			children = (
				E79BA08D1DEF53B30033488E /* SampleApp */,
				E79BA0A21DEF53B30033488E /* SampleAppTests */,
				E79BA08C1DEF53B30033488E /* Products */,
				B3E3608E4FF636ABF07E35C0 /* Pods */,
				7EFB85FE6CC575FA24CFB741 /* Frameworks */,
			);
			sourceTree = "<group>";
		};
		E79BA08C1DEF53B30033488E /* Products */ = {
			isa = PBXGroup;
			children = (
				E79BA08B1DEF53B30033488E /* SampleApp.app */,
				E79BA09F1DEF53B30033488E /* SampleAppTests.xctest */,
			);
			name = Products;
			sourceTree = "<group>";
		};
		E79BA08D1DEF53B30033488E /* SampleApp */ = {
			isa = PBXGroup;
			children = (
				E79BA0AE1DEF54C60033488E /* Classes */,
				E79BA08E1DEF53B30033488E /* AppDelegate.swift */,
				E79BA0951DEF53B30033488E /* Assets.xcassets */,
				E79BA0971DEF53B30033488E /* LaunchScreen.storyboard */,
				E79BA09A1DEF53B30033488E /* Info.plist */,
			);
			name = SampleApp;
			path = QontoTest;
			sourceTree = "<group>";
		};
		E79BA0A21DEF53B30033488E /* SampleAppTests */ = {
			isa = PBXGroup;
			children = (
				D6F3A0121DF0794600FED04E /* Builders */,
				D6F3A0131DF0794600FED04E /* Fixtures */,
				D6F3A0141DF0794600FED04E /* TestCases */,
				E79BA0A51DEF53B30033488E /* Info.plist */,
			);
			name = SampleAppTests;
			path = QontoTestTests;
			sourceTree = "<group>";
		};
		E79BA0AE1DEF54C60033488E /* Classes */ = {
			isa = PBXGroup;
			children = (
				E79BA0BC1DEF58A70033488E /* Services */,
				E79BA0B51DEF54E50033488E /* UI */,
				E79BA0AF1DEF54C60033488E /* Model */,
				E79BA0B01DEF54C60033488E /* ViewControllers */,
				E79BA0B21DEF54C60033488E /* ViewModels */,
				E79BA0B31DEF54C60033488E /* Views */,
			);
			path = Classes;
			sourceTree = "<group>";
		};
		E79BA0AF1DEF54C60033488E /* Model */ = {
			isa = PBXGroup;
			children = (
				E79BA0B61DEF55470033488E /* User.swift */,
				E79BA0B81DEF55540033488E /* Album.swift */,
				E79BA0BA1DEF555E0033488E /* Photo.swift */,
				D6FA36201DF04E7200141094 /* User+Storage.swift */,
			);
			path = Model;
			sourceTree = "<group>";
		};
		E79BA0B01DEF54C60033488E /* ViewControllers */ = {
			isa = PBXGroup;
			children = (
				E79BA0C11DEF5DA60033488E /* UserTableViewController.swift */,
				E79BA0C31DEF62F10033488E /* AlbumTableViewController.swift */,
				D6FA361E1DF0460400141094 /* PhotoCollectionViewController.swift */,
				D6FA36221DF061FE00141094 /* UIViewController+UI.swift */,
			);
			path = ViewControllers;
			sourceTree = "<group>";
		};
		E79BA0B21DEF54C60033488E /* ViewModels */ = {
			isa = PBXGroup;
			children = (
			);
			path = ViewModels;
			sourceTree = "<group>";
		};
		E79BA0B31DEF54C60033488E /* Views */ = {
			isa = PBXGroup;
			children = (
			);
			path = Views;
			sourceTree = "<group>";
		};
		E79BA0B51DEF54E50033488E /* UI */ = {
			isa = PBXGroup;
			children = (
				D6FA361B1DF043F900141094 /* Main.storyboard */,
			);
			path = UI;
			sourceTree = "<group>";
		};
		E79BA0BC1DEF58A70033488E /* Services */ = {
			isa = PBXGroup;
			children = (
				E79BA0BD1DEF58A70033488E /* ResponseSerializer.swift */,
				E79BA0BF1DEF58DE0033488E /* WebService.swift */,
			);
			path = Services;
			sourceTree = "<group>";
		};
/* End PBXGroup section */

/* Begin PBXNativeTarget section */
		E79BA08A1DEF53B30033488E /* SampleApp */ = {
			isa = PBXNativeTarget;
			buildConfigurationList = E79BA0A81DEF53B30033488E /* Build configuration list for PBXNativeTarget "SampleApp" */;
			buildPhases = (
				AD1520FB482AD39216D8F2D5 /* [CP] Check Pods Manifest.lock */,
				E79BA0871DEF53B30033488E /* Sources */,
				E79BA0881DEF53B30033488E /* Frameworks */,
				E79BA0891DEF53B30033488E /* Resources */,
				8FBC7487C37E3457B40E58D4 /* [CP] Embed Pods Frameworks */,
				19995AFEC3971CBEEDBAC133 /* [CP] Copy Pods Resources */,
			);
			buildRules = (
			);
			dependencies = (
			);
			name = SampleApp;
			productName = QontoTest;
			productReference = E79BA08B1DEF53B30033488E /* SampleApp.app */;
			productType = "com.apple.product-type.application";
		};
		E79BA09E1DEF53B30033488E /* SampleAppTests */ = {
			isa = PBXNativeTarget;
			buildConfigurationList = E79BA0AB1DEF53B30033488E /* Build configuration list for PBXNativeTarget "SampleAppTests" */;
			buildPhases = (
				F879D30F706285E123979073 /* [CP] Check Pods Manifest.lock */,
				E79BA09B1DEF53B30033488E /* Sources */,
				E79BA09C1DEF53B30033488E /* Frameworks */,
				E79BA09D1DEF53B30033488E /* Resources */,
				8A9533BCE9CEF395E975CB3E /* [CP] Embed Pods Frameworks */,
				FD0F801BA1FDD0C809910300 /* [CP] Copy Pods Resources */,
			);
			buildRules = (
			);
			dependencies = (
				E79BA0A11DEF53B30033488E /* PBXTargetDependency */,
			);
			name = SampleAppTests;
			productName = QontoTestTests;
			productReference = E79BA09F1DEF53B30033488E /* SampleAppTests.xctest */;
			productType = "com.apple.product-type.bundle.unit-test";
		};
/* End PBXNativeTarget section */

/* Begin PBXProject section */
		E79BA0831DEF53B30033488E /* Project object */ = {
			isa = PBXProject;
			attributes = {
				LastSwiftUpdateCheck = 0810;
				LastUpgradeCheck = 0810;
				ORGANIZATIONNAME = Lamine;
				TargetAttributes = {
					E79BA08A1DEF53B30033488E = {
						CreatedOnToolsVersion = 8.1;
						DevelopmentTeam = 54SDSGN3MM;
						ProvisioningStyle = Automatic;
					};
					E79BA09E1DEF53B30033488E = {
						CreatedOnToolsVersion = 8.1;
						DevelopmentTeam = 54SDSGN3MM;
						ProvisioningStyle = Automatic;
						TestTargetID = E79BA08A1DEF53B30033488E;
					};
				};
			};
			buildConfigurationList = E79BA0861DEF53B30033488E /* Build configuration list for PBXProject "SampleApp" */;
			compatibilityVersion = "Xcode 3.2";
			developmentRegion = English;
			hasScannedForEncodings = 0;
			knownRegions = (
				en,
				Base,
			);
			mainGroup = E79BA0821DEF53B30033488E;
			productRefGroup = E79BA08C1DEF53B30033488E /* Products */;
			projectDirPath = "";
			projectRoot = "";
			targets = (
				E79BA08A1DEF53B30033488E /* SampleApp */,
				E79BA09E1DEF53B30033488E /* SampleAppTests */,
			);
		};
/* End PBXProject section */

/* Begin PBXResourcesBuildPhase section */
		E79BA0891DEF53B30033488E /* Resources */ = {
			isa = PBXResourcesBuildPhase;
			buildActionMask = 2147483647;
			files = (
				D6FA361D1DF043F900141094 /* Main.storyboard in Resources */,
				E79BA0991DEF53B30033488E /* LaunchScreen.storyboard in Resources */,
				E79BA0961DEF53B30033488E /* Assets.xcassets in Resources */,
			);
			runOnlyForDeploymentPostprocessing = 0;
		};
		E79BA09D1DEF53B30033488E /* Resources */ = {
			isa = PBXResourcesBuildPhase;
			buildActionMask = 2147483647;
			files = (
				D6F3A0321DF09D8C00FED04E /* photos.json in Resources */,
				D6F3A0301DF09D7900FED04E /* albums.json in Resources */,
				D6F3A02E1DF09D5300FED04E /* users.json in Resources */,
			);
			runOnlyForDeploymentPostprocessing = 0;
		};
/* End PBXResourcesBuildPhase section */

/* Begin PBXShellScriptBuildPhase section */
		19995AFEC3971CBEEDBAC133 /* [CP] Copy Pods Resources */ = {
			isa = PBXShellScriptBuildPhase;
			buildActionMask = 2147483647;
			files = (
			);
			inputPaths = (
			);
			name = "[CP] Copy Pods Resources";
			outputPaths = (
			);
			runOnlyForDeploymentPostprocessing = 0;
			shellPath = /bin/sh;
			shellScript = "\"${SRCROOT}/Pods/Target Support Files/Pods-SampleApp/Pods-SampleApp-resources.sh\"\n";
			showEnvVarsInLog = 0;
		};
		8A9533BCE9CEF395E975CB3E /* [CP] Embed Pods Frameworks */ = {
			isa = PBXShellScriptBuildPhase;
			buildActionMask = 2147483647;
			files = (
			);
			inputPaths = (
			);
			name = "[CP] Embed Pods Frameworks";
			outputPaths = (
			);
			runOnlyForDeploymentPostprocessing = 0;
			shellPath = /bin/sh;
			shellScript = "\"${SRCROOT}/Pods/Target Support Files/Pods-SampleAppTests/Pods-SampleAppTests-frameworks.sh\"\n";
			showEnvVarsInLog = 0;
		};
		8FBC7487C37E3457B40E58D4 /* [CP] Embed Pods Frameworks */ = {
			isa = PBXShellScriptBuildPhase;
			buildActionMask = 2147483647;
			files = (
			);
			inputPaths = (
			);
			name = "[CP] Embed Pods Frameworks";
			outputPaths = (
			);
			runOnlyForDeploymentPostprocessing = 0;
			shellPath = /bin/sh;
			shellScript = "\"${SRCROOT}/Pods/Target Support Files/Pods-SampleApp/Pods-SampleApp-frameworks.sh\"\n";
			showEnvVarsInLog = 0;
		};
		AD1520FB482AD39216D8F2D5 /* [CP] Check Pods Manifest.lock */ = {
			isa = PBXShellScriptBuildPhase;
			buildActionMask = 2147483647;
			files = (
			);
			inputPaths = (
			);
			name = "[CP] Check Pods Manifest.lock";
			outputPaths = (
			);
			runOnlyForDeploymentPostprocessing = 0;
			shellPath = /bin/sh;
			shellScript = "diff \"${PODS_ROOT}/../Podfile.lock\" \"${PODS_ROOT}/Manifest.lock\" > /dev/null\nif [ $? != 0 ] ; then\n    # print error to STDERR\n    echo \"error: The sandbox is not in sync with the Podfile.lock. Run 'pod install' or update your CocoaPods installation.\" >&2\n    exit 1\nfi\n";
			showEnvVarsInLog = 0;
		};
		F879D30F706285E123979073 /* [CP] Check Pods Manifest.lock */ = {
			isa = PBXShellScriptBuildPhase;
			buildActionMask = 2147483647;
			files = (
			);
			inputPaths = (
			);
			name = "[CP] Check Pods Manifest.lock";
			outputPaths = (
			);
			runOnlyForDeploymentPostprocessing = 0;
			shellPath = /bin/sh;
			shellScript = "diff \"${PODS_ROOT}/../Podfile.lock\" \"${PODS_ROOT}/Manifest.lock\" > /dev/null\nif [ $? != 0 ] ; then\n    # print error to STDERR\n    echo \"error: The sandbox is not in sync with the Podfile.lock. Run 'pod install' or update your CocoaPods installation.\" >&2\n    exit 1\nfi\n";
			showEnvVarsInLog = 0;
		};
		FD0F801BA1FDD0C809910300 /* [CP] Copy Pods Resources */ = {
			isa = PBXShellScriptBuildPhase;
			buildActionMask = 2147483647;
			files = (
			);
			inputPaths = (
			);
			name = "[CP] Copy Pods Resources";
			outputPaths = (
			);
			runOnlyForDeploymentPostprocessing = 0;
			shellPath = /bin/sh;
			shellScript = "\"${SRCROOT}/Pods/Target Support Files/Pods-SampleAppTests/Pods-SampleAppTests-resources.sh\"\n";
			showEnvVarsInLog = 0;
		};
/* End PBXShellScriptBuildPhase section */

/* Begin PBXSourcesBuildPhase section */
		E79BA0871DEF53B30033488E /* Sources */ = {
			isa = PBXSourcesBuildPhase;
			buildActionMask = 2147483647;
			files = (
				D6FA36211DF04E7200141094 /* User+Storage.swift in Sources */,
				E79BA08F1DEF53B30033488E /* AppDelegate.swift in Sources */,
				E79BA0C41DEF62F10033488E /* AlbumTableViewController.swift in Sources */,
				E79BA0C01DEF58DE0033488E /* WebService.swift in Sources */,
				E79BA0BE1DEF58A70033488E /* ResponseSerializer.swift in Sources */,
				D6FA361F1DF0460400141094 /* PhotoCollectionViewController.swift in Sources */,
				E79BA0B71DEF55470033488E /* User.swift in Sources */,
				E79BA0C21DEF5DA60033488E /* UserTableViewController.swift in Sources */,
				D6FA36231DF061FE00141094 /* UIViewController+UI.swift in Sources */,
				E79BA0B91DEF55540033488E /* Album.swift in Sources */,
				E79BA0BB1DEF555E0033488E /* Photo.swift in Sources */,
			);
			runOnlyForDeploymentPostprocessing = 0;
		};
		E79BA09B1DEF53B30033488E /* Sources */ = {
			isa = PBXSourcesBuildPhase;
			buildActionMask = 2147483647;
			files = (
				D6F3A0231DF0838D00FED04E /* User+Storage.swift in Sources */,
				D6F3A0221DF0838A00FED04E /* Photo.swift in Sources */,
				D6F3A01E1DF0824A00FED04E /* PhotoBuilder.swift in Sources */,
				D6F3A0181DF079F900FED04E /* QontoTestCase.swift in Sources */,
				D6F3A02C1DF098AE00FED04E /* FetchUserTestCase.swift in Sources */,
				D6F3A0201DF0827700FED04E /* AlbumBuilder.swift in Sources */,
				D6F3A0341DF09FD800FED04E /* FetchAlbums.swift in Sources */,
				D6F3A01C1DF0822700FED04E /* UserBuilder.swift in Sources */,
				D6F3A02A1DF0949A00FED04E /* WebService.swift in Sources */,
				D6F3A0291DF0948B00FED04E /* ResponseSerializer.swift in Sources */,
				D6F3A0281DF0944D00FED04E /* UserTestCase.swift in Sources */,
				D6F3A01A1DF07D3E00FED04E /* BuilMe.swift in Sources */,
				D6F3A0211DF0838800FED04E /* User.swift in Sources */,
				D6F3A0241DF0839000FED04E /* Album.swift in Sources */,
			);
			runOnlyForDeploymentPostprocessing = 0;
		};
/* End PBXSourcesBuildPhase section */

/* Begin PBXTargetDependency section */
		E79BA0A11DEF53B30033488E /* PBXTargetDependency */ = {
			isa = PBXTargetDependency;
			target = E79BA08A1DEF53B30033488E /* SampleApp */;
			targetProxy = E79BA0A01DEF53B30033488E /* PBXContainerItemProxy */;
		};
/* End PBXTargetDependency section */

/* Begin PBXVariantGroup section */
		D6FA361B1DF043F900141094 /* Main.storyboard */ = {
			isa = PBXVariantGroup;
			children = (
				D6FA361C1DF043F900141094 /* Base */,
			);
			name = Main.storyboard;
			sourceTree = "<group>";
		};
		E79BA0971DEF53B30033488E /* LaunchScreen.storyboard */ = {
			isa = PBXVariantGroup;
			children = (
				E79BA0981DEF53B30033488E /* Base */,
			);
			name = LaunchScreen.storyboard;
			sourceTree = "<group>";
		};
/* End PBXVariantGroup section */

/* Begin XCBuildConfiguration section */
		E79BA0A61DEF53B30033488E /* Debug */ = {
			isa = XCBuildConfiguration;
			buildSettings = {
				ALWAYS_SEARCH_USER_PATHS = NO;
				CLANG_ANALYZER_NONNULL = YES;
				CLANG_CXX_LANGUAGE_STANDARD = "gnu++0x";
				CLANG_CXX_LIBRARY = "libc++";
				CLANG_ENABLE_MODULES = YES;
				CLANG_ENABLE_OBJC_ARC = YES;
				CLANG_WARN_BOOL_CONVERSION = YES;
				CLANG_WARN_CONSTANT_CONVERSION = YES;
				CLANG_WARN_DIRECT_OBJC_ISA_USAGE = YES_ERROR;
				CLANG_WARN_DOCUMENTATION_COMMENTS = YES;
				CLANG_WARN_EMPTY_BODY = YES;
				CLANG_WARN_ENUM_CONVERSION = YES;
				CLANG_WARN_INFINITE_RECURSION = YES;
				CLANG_WARN_INT_CONVERSION = YES;
				CLANG_WARN_OBJC_ROOT_CLASS = YES_ERROR;
				CLANG_WARN_SUSPICIOUS_MOVES = YES;
				CLANG_WARN_UNREACHABLE_CODE = YES;
				CLANG_WARN__DUPLICATE_METHOD_MATCH = YES;
				"CODE_SIGN_IDENTITY[sdk=iphoneos*]" = "iPhone Developer";
				COPY_PHASE_STRIP = NO;
				DEBUG_INFORMATION_FORMAT = dwarf;
				ENABLE_STRICT_OBJC_MSGSEND = YES;
				ENABLE_TESTABILITY = YES;
				GCC_C_LANGUAGE_STANDARD = gnu99;
				GCC_DYNAMIC_NO_PIC = NO;
				GCC_NO_COMMON_BLOCKS = YES;
				GCC_OPTIMIZATION_LEVEL = 0;
				GCC_PREPROCESSOR_DEFINITIONS = (
					"DEBUG=1",
					"$(inherited)",
				);
				GCC_WARN_64_TO_32_BIT_CONVERSION = YES;
				GCC_WARN_ABOUT_RETURN_TYPE = YES_ERROR;
				GCC_WARN_UNDECLARED_SELECTOR = YES;
				GCC_WARN_UNINITIALIZED_AUTOS = YES_AGGRESSIVE;
				GCC_WARN_UNUSED_FUNCTION = YES;
				GCC_WARN_UNUSED_VARIABLE = YES;
				IPHONEOS_DEPLOYMENT_TARGET = 10.1;
				MTL_ENABLE_DEBUG_INFO = YES;
				ONLY_ACTIVE_ARCH = YES;
				SDKROOT = iphoneos;
				SWIFT_ACTIVE_COMPILATION_CONDITIONS = DEBUG;
				SWIFT_OPTIMIZATION_LEVEL = "-Onone";
			};
			name = Debug;
		};
		E79BA0A71DEF53B30033488E /* Release */ = {
			isa = XCBuildConfiguration;
			buildSettings = {
				ALWAYS_SEARCH_USER_PATHS = NO;
				CLANG_ANALYZER_NONNULL = YES;
				CLANG_CXX_LANGUAGE_STANDARD = "gnu++0x";
				CLANG_CXX_LIBRARY = "libc++";
				CLANG_ENABLE_MODULES = YES;
				CLANG_ENABLE_OBJC_ARC = YES;
				CLANG_WARN_BOOL_CONVERSION = YES;
				CLANG_WARN_CONSTANT_CONVERSION = YES;
				CLANG_WARN_DIRECT_OBJC_ISA_USAGE = YES_ERROR;
				CLANG_WARN_DOCUMENTATION_COMMENTS = YES;
				CLANG_WARN_EMPTY_BODY = YES;
				CLANG_WARN_ENUM_CONVERSION = YES;
				CLANG_WARN_INFINITE_RECURSION = YES;
				CLANG_WARN_INT_CONVERSION = YES;
				CLANG_WARN_OBJC_ROOT_CLASS = YES_ERROR;
				CLANG_WARN_SUSPICIOUS_MOVES = YES;
				CLANG_WARN_UNREACHABLE_CODE = YES;
				CLANG_WARN__DUPLICATE_METHOD_MATCH = YES;
				"CODE_SIGN_IDENTITY[sdk=iphoneos*]" = "iPhone Developer";
				COPY_PHASE_STRIP = NO;
				DEBUG_INFORMATION_FORMAT = "dwarf-with-dsym";
				ENABLE_NS_ASSERTIONS = NO;
				ENABLE_STRICT_OBJC_MSGSEND = YES;
				GCC_C_LANGUAGE_STANDARD = gnu99;
				GCC_NO_COMMON_BLOCKS = YES;
				GCC_WARN_64_TO_32_BIT_CONVERSION = YES;
				GCC_WARN_ABOUT_RETURN_TYPE = YES_ERROR;
				GCC_WARN_UNDECLARED_SELECTOR = YES;
				GCC_WARN_UNINITIALIZED_AUTOS = YES_AGGRESSIVE;
				GCC_WARN_UNUSED_FUNCTION = YES;
				GCC_WARN_UNUSED_VARIABLE = YES;
				IPHONEOS_DEPLOYMENT_TARGET = 10.1;
				MTL_ENABLE_DEBUG_INFO = NO;
				SDKROOT = iphoneos;
				SWIFT_OPTIMIZATION_LEVEL = "-Owholemodule";
				VALIDATE_PRODUCT = YES;
			};
			name = Release;
		};
		E79BA0A91DEF53B30033488E /* Debug */ = {
			isa = XCBuildConfiguration;
			baseConfigurationReference = 13865E4EFF5E38F277F42137 /* Pods-SampleApp.debug.xcconfig */;
			buildSettings = {
				ASSETCATALOG_COMPILER_APPICON_NAME = AppIcon;
				DEVELOPMENT_TEAM = 54SDSGN3MM;
				FRAMEWORK_SEARCH_PATHS = (
					"$(inherited)",
					"$(PROJECT_DIR)/build/Debug-iphoneos",
				);
				INFOPLIST_FILE = QontoTest/Info.plist;
				LD_RUNPATH_SEARCH_PATHS = "$(inherited) @executable_path/Frameworks";
				PRODUCT_BUNDLE_IDENTIFIER = com.lamine.company.QontoTest;
				PRODUCT_NAME = "$(TARGET_NAME)";
				SWIFT_VERSION = 3.0;
			};
			name = Debug;
		};
		E79BA0AA1DEF53B30033488E /* Release */ = {
			isa = XCBuildConfiguration;
			baseConfigurationReference = 48F255560277E5D60AF9F4D2 /* Pods-SampleApp.release.xcconfig */;
			buildSettings = {
				ASSETCATALOG_COMPILER_APPICON_NAME = AppIcon;
				DEVELOPMENT_TEAM = 54SDSGN3MM;
				FRAMEWORK_SEARCH_PATHS = (
					"$(inherited)",
					"$(PROJECT_DIR)/build/Debug-iphoneos",
				);
				INFOPLIST_FILE = QontoTest/Info.plist;
				LD_RUNPATH_SEARCH_PATHS = "$(inherited) @executable_path/Frameworks";
				PRODUCT_BUNDLE_IDENTIFIER = com.lamine.company.QontoTest;
				PRODUCT_NAME = "$(TARGET_NAME)";
				SWIFT_VERSION = 3.0;
			};
			name = Release;
		};
		E79BA0AC1DEF53B30033488E /* Debug */ = {
			isa = XCBuildConfiguration;
			baseConfigurationReference = 9AB5B3F1ADA70444C022373D /* Pods-SampleAppTests.debug.xcconfig */;
			buildSettings = {
				ALWAYS_EMBED_SWIFT_STANDARD_LIBRARIES = YES;
				BUNDLE_LOADER = "$(TEST_HOST)";
				DEVELOPMENT_TEAM = 54SDSGN3MM;
				INFOPLIST_FILE = QontoTestTests/Info.plist;
				LD_RUNPATH_SEARCH_PATHS = "$(inherited) @executable_path/Frameworks @loader_path/Frameworks";
				PRODUCT_BUNDLE_IDENTIFIER = com.lamine.company.QontoTestTests;
				PRODUCT_NAME = "$(TARGET_NAME)";
				SWIFT_VERSION = 3.0;
				TEST_HOST = "$(BUILT_PRODUCTS_DIR)/SampleApp.app/SampleApp";
			};
			name = Debug;
		};
		E79BA0AD1DEF53B30033488E /* Release */ = {
			isa = XCBuildConfiguration;
			baseConfigurationReference = D59F2418FBBED6574D9BC070 /* Pods-SampleAppTests.release.xcconfig */;
			buildSettings = {
				ALWAYS_EMBED_SWIFT_STANDARD_LIBRARIES = YES;
				BUNDLE_LOADER = "$(TEST_HOST)";
				DEVELOPMENT_TEAM = 54SDSGN3MM;
				INFOPLIST_FILE = QontoTestTests/Info.plist;
				LD_RUNPATH_SEARCH_PATHS = "$(inherited) @executable_path/Frameworks @loader_path/Frameworks";
				PRODUCT_BUNDLE_IDENTIFIER = com.lamine.company.QontoTestTests;
				PRODUCT_NAME = "$(TARGET_NAME)";
				SWIFT_VERSION = 3.0;
				TEST_HOST = "$(BUILT_PRODUCTS_DIR)/SampleApp.app/SampleApp";
			};
			name = Release;
		};
/* End XCBuildConfiguration section */

/* Begin XCConfigurationList section */
		E79BA0861DEF53B30033488E /* Build configuration list for PBXProject "SampleApp" */ = {
			isa = XCConfigurationList;
			buildConfigurations = (
				E79BA0A61DEF53B30033488E /* Debug */,
				E79BA0A71DEF53B30033488E /* Release */,
			);
			defaultConfigurationIsVisible = 0;
			defaultConfigurationName = Release;
		};
		E79BA0A81DEF53B30033488E /* Build configuration list for PBXNativeTarget "SampleApp" */ = {
			isa = XCConfigurationList;
			buildConfigurations = (
				E79BA0A91DEF53B30033488E /* Debug */,
				E79BA0AA1DEF53B30033488E /* Release */,
			);
			defaultConfigurationIsVisible = 0;
			defaultConfigurationName = Release;
		};
		E79BA0AB1DEF53B30033488E /* Build configuration list for PBXNativeTarget "SampleAppTests" */ = {
			isa = XCConfigurationList;
			buildConfigurations = (
				E79BA0AC1DEF53B30033488E /* Debug */,
				E79BA0AD1DEF53B30033488E /* Release */,
			);
			defaultConfigurationIsVisible = 0;
			defaultConfigurationName = Release;
		};
/* End XCConfigurationList section */
	};
	rootObject = E79BA0831DEF53B30033488E /* Project object */;
}
